
Microsoft Visual Studio Solution File, Format Version 12.00
# Visual Studio 15
VisualStudioVersion = 15.0.27703.2035
MinimumVisualStudioVersion = 10.0.40219.1
Project("{FAE04EC0-301F-11D3-BF4B-00C04F79EFBC}") = "CogentQC_NMI_SampleDataUpdate", "Ally_Production_Update_20130828\CogentQC_NMI_SampleDataUpdate.csproj", "{7405D8CA-1B7F-48BD-B809-E346A925AB25}"
EndProject
Global
	GlobalSection(SolutionConfigurationPlatforms) = preSolution
		Debug|Any CPU = Debug|Any CPU
		Release|Any CPU = Release|Any CPU
	EndGlobalSection
	GlobalSection(ProjectConfigurationPlatforms) = postSolution
		{7405D8CA-1B7F-48BD-B809-E346A925AB25}.Debug|Any CPU.ActiveCfg = Debug|Any CPU
		{7405D8CA-1B7F-48BD-B809-E346A925AB25}.Debug|Any CPU.Build.0 = Debug|Any CPU
		{7405D8CA-1B7F-48BD-B809-E346A925AB25}.Release|Any CPU.ActiveCfg = Release|Any CPU
		{7405D8CA-1B7F-48BD-B809-E346A925AB25}.Release|Any CPU.Build.0 = Release|Any CPU
	EndGlobalSection
	GlobalSection(SolutionProperties) = preSolution
		HideSolutionNode = FALSE
	EndGlobalSection
	GlobalSection(ExtensibilityGlobals) = postSolution
		SolutionGuid = {D4C6B073-4534-44CE-B789-4340A9E83344}
	EndGlobalSection
EndGlobal
